
Microsoft Visual Studio Solution File, Format Version 12.00
# Visual Studio Version 17
VisualStudioVersion = 17.8.34309.116
MinimumVisualStudioVersion = 10.0.40219.1
Project("{FAE04EC0-301F-11D3-BF4B-00C04F79EFBC}") = "LicenseGenerator", "LicenseGenerator.csproj", "{F7D74110-63E7-4FFC-A8E9-35C41730D2C5}"
EndProject
Global
	GlobalSection(SolutionConfigurationPlatforms) = preSolution
		Debug|Any CPU = Debug|Any CPU
		Release|Any CPU = Release|Any CPU
	EndGlobalSection
	GlobalSection(ProjectConfigurationPlatforms) = postSolution
		{F7D74110-63E7-4FFC-A8E9-35C41730D2C5}.Debug|Any CPU.ActiveCfg = Debug|Any CPU
		{F7D74110-63E7-4FFC-A8E9-35C41730D2C5}.Debug|Any CPU.Build.0 = Debug|Any CPU
		{F7D74110-63E7-4FFC-A8E9-35C41730D2C5}.Release|Any CPU.ActiveCfg = Release|Any CPU
		{F7D74110-63E7-4FFC-A8E9-35C41730D2C5}.Release|Any CPU.Build.0 = Release|Any CPU
	EndGlobalSection
	GlobalSection(SolutionProperties) = preSolution
		HideSolutionNode = FALSE
	EndGlobalSection
	GlobalSection(ExtensibilityGlobals) = postSolution
		SolutionGuid = {27568B54-893C-43A3-AEE7-B1D0DA15FDD3}
	EndGlobalSection
EndGlobal
